
Microsoft Visual Studio Solution File, Format Version 12.00
# Visual Studio Version 17
VisualStudioVersion = 17.6.33815.320
MinimumVisualStudioVersion = 10.0.40219.1
Project("{FAE04EC0-301F-11D3-BF4B-00C04F79EFBC}") = "LaplaceTransformCalculator", "LaplaceTransformCalculator\LaplaceTransformCalculator.csproj", "{DB5D9479-EED2-4A06-89D8-39B1AC1E3123}"
EndProject
Project("{2150E333-8FDC-42A3-9474-1A3956D46DE8}") = "Solution Items", "Solution Items", "{EDD491B9-229A-4C9A-A6FA-64B7C0A28905}"
	ProjectSection(SolutionItems) = preProject
		readme.md = readme.md
	EndProjectSection
EndProject
Global
	GlobalSection(SolutionConfigurationPlatforms) = preSolution
		Debug|Any CPU = Debug|Any CPU
		Release|Any CPU = Release|Any CPU
	EndGlobalSection
	GlobalSection(ProjectConfigurationPlatforms) = postSolution
		{DB5D9479-EED2-4A06-89D8-39B1AC1E3123}.Debug|Any CPU.ActiveCfg = Debug|Any CPU
		{DB5D9479-EED2-4A06-89D8-39B1AC1E3123}.Debug|Any CPU.Build.0 = Debug|Any CPU
		{DB5D9479-EED2-4A06-89D8-39B1AC1E3123}.Release|Any CPU.ActiveCfg = Release|Any CPU
		{DB5D9479-EED2-4A06-89D8-39B1AC1E3123}.Release|Any CPU.Build.0 = Release|Any CPU
	EndGlobalSection
	GlobalSection(SolutionProperties) = preSolution
		HideSolutionNode = FALSE
	EndGlobalSection
	GlobalSection(ExtensibilityGlobals) = postSolution
		SolutionGuid = {475B9EEC-D7BD-425B-93D1-C6A63142BB00}
	EndGlobalSection
EndGlobal
